// !$*UTF8*$!
{
	archiveVersion = 1;
	classes = {
	};
	objectVersion = 56;
	objects = {

/* Begin PBXBuildFile section */
		753340D8290B1B4E000087F6 /* FavoriteButton.swift in Sources */ = {isa = PBXBuildFile; fileRef = 753340D7290B1B4E000087F6 /* FavoriteButton.swift */; };
		753340DC290B1DB5000087F6 /* HexagonParameters.swift in Sources */ = {isa = PBXBuildFile; fileRef = 753340DB290B1DB5000087F6 /* HexagonParameters.swift */; };
		753340DE290B1E0D000087F6 /* BadgeBackground.swift in Sources */ = {isa = PBXBuildFile; fileRef = 753340DD290B1E0D000087F6 /* BadgeBackground.swift */; };
		753340E0290B20AF000087F6 /* BadgeSymbol.swift in Sources */ = {isa = PBXBuildFile; fileRef = 753340DF290B20AF000087F6 /* BadgeSymbol.swift */; };
		753340E2290B20D2000087F6 /* RotatedBadgeSymbol.swift in Sources */ = {isa = PBXBuildFile; fileRef = 753340E1290B20D2000087F6 /* RotatedBadgeSymbol.swift */; };
		753340E4290B210F000087F6 /* Badge.swift in Sources */ = {isa = PBXBuildFile; fileRef = 753340E3290B210F000087F6 /* Badge.swift */; };
		753340E9290B22C5000087F6 /* CategoryHome.swift in Sources */ = {isa = PBXBuildFile; fileRef = 753340E8290B22C5000087F6 /* CategoryHome.swift */; };
		753340EB290B2448000087F6 /* CategoryRow.swift in Sources */ = {isa = PBXBuildFile; fileRef = 753340EA290B2448000087F6 /* CategoryRow.swift */; };
		753340EE290B24E8000087F6 /* CategoryItem.swift in Sources */ = {isa = PBXBuildFile; fileRef = 753340ED290B24E8000087F6 /* CategoryItem.swift */; };
		753340F0290B2776000087F6 /* Profile.swift in Sources */ = {isa = PBXBuildFile; fileRef = 753340EF290B2776000087F6 /* Profile.swift */; };
		753340F3290B27B5000087F6 /* ProfileHost.swift in Sources */ = {isa = PBXBuildFile; fileRef = 753340F2290B27B5000087F6 /* ProfileHost.swift */; };
		753340F5290B27D7000087F6 /* ProfileSummary.swift in Sources */ = {isa = PBXBuildFile; fileRef = 753340F4290B27D7000087F6 /* ProfileSummary.swift */; };
		753340F7290B2873000087F6 /* HikeBadge.swift in Sources */ = {isa = PBXBuildFile; fileRef = 753340F6290B2873000087F6 /* HikeBadge.swift */; };
		756E1C01290B2E400004C467 /* ProfileEditor.swift in Sources */ = {isa = PBXBuildFile; fileRef = 756E1C00290B2E400004C467 /* ProfileEditor.swift */; };
		75ADE194290AD621003A1456 /* LovelyDestsApp.swift in Sources */ = {isa = PBXBuildFile; fileRef = 75ADE193290AD621003A1456 /* LovelyDestsApp.swift */; };
		75ADE196290AD621003A1456 /* ContentView.swift in Sources */ = {isa = PBXBuildFile; fileRef = 75ADE195290AD621003A1456 /* ContentView.swift */; };
		75ADE198290AD623003A1456 /* Assets.xcassets in Resources */ = {isa = PBXBuildFile; fileRef = 75ADE197290AD623003A1456 /* Assets.xcassets */; };
		75ADE19B290AD623003A1456 /* Preview Assets.xcassets in Resources */ = {isa = PBXBuildFile; fileRef = 75ADE19A290AD623003A1456 /* Preview Assets.xcassets */; };
		75ADE1A2290ADB03003A1456 /* CircleImage.swift in Sources */ = {isa = PBXBuildFile; fileRef = 75ADE1A1290ADB03003A1456 /* CircleImage.swift */; };
		75ADE1A4290ADC91003A1456 /* MapView.swift in Sources */ = {isa = PBXBuildFile; fileRef = 75ADE1A3290ADC91003A1456 /* MapView.swift */; };
		75ADE1A6290AF28A003A1456 /* landmarkData.json in Resources */ = {isa = PBXBuildFile; fileRef = 75ADE1A5290AF28A003A1456 /* landmarkData.json */; };
		75ADE1A8290AF2B5003A1456 /* Landmark.swift in Sources */ = {isa = PBXBuildFile; fileRef = 75ADE1A7290AF2B5003A1456 /* Landmark.swift */; };
		75ADE1AA290AF3C2003A1456 /* ModelData.swift in Sources */ = {isa = PBXBuildFile; fileRef = 75ADE1A9290AF3C2003A1456 /* ModelData.swift */; };
		75ADE1AF290B065C003A1456 /* LandmarkRow.swift in Sources */ = {isa = PBXBuildFile; fileRef = 75ADE1AE290B065C003A1456 /* LandmarkRow.swift */; };
		75ADE1B1290B0816003A1456 /* LandmarkList.swift in Sources */ = {isa = PBXBuildFile; fileRef = 75ADE1B0290B0816003A1456 /* LandmarkList.swift */; };
		75ADE1B3290B0943003A1456 /* LandmarkDetail.swift in Sources */ = {isa = PBXBuildFile; fileRef = 75ADE1B2290B0943003A1456 /* LandmarkDetail.swift */; };
/* End PBXBuildFile section */

/* Begin PBXFileReference section */
		753340D7290B1B4E000087F6 /* FavoriteButton.swift */ = {isa = PBXFileReference; lastKnownFileType = sourcecode.swift; path = FavoriteButton.swift; sourceTree = "<group>"; };
		753340DB290B1DB5000087F6 /* HexagonParameters.swift */ = {isa = PBXFileReference; lastKnownFileType = sourcecode.swift; path = HexagonParameters.swift; sourceTree = "<group>"; };
		753340DD290B1E0D000087F6 /* BadgeBackground.swift */ = {isa = PBXFileReference; lastKnownFileType = sourcecode.swift; path = BadgeBackground.swift; sourceTree = "<group>"; };
		753340DF290B20AF000087F6 /* BadgeSymbol.swift */ = {isa = PBXFileReference; lastKnownFileType = sourcecode.swift; path = BadgeSymbol.swift; sourceTree = "<group>"; };
		753340E1290B20D2000087F6 /* RotatedBadgeSymbol.swift */ = {isa = PBXFileReference; lastKnownFileType = sourcecode.swift; path = RotatedBadgeSymbol.swift; sourceTree = "<group>"; };
		753340E3290B210F000087F6 /* Badge.swift */ = {isa = PBXFileReference; lastKnownFileType = sourcecode.swift; path = Badge.swift; sourceTree = "<group>"; };
		753340E8290B22C5000087F6 /* CategoryHome.swift */ = {isa = PBXFileReference; lastKnownFileType = sourcecode.swift; path = CategoryHome.swift; sourceTree = "<group>"; };
		753340EA290B2448000087F6 /* CategoryRow.swift */ = {isa = PBXFileReference; lastKnownFileType = sourcecode.swift; path = CategoryRow.swift; sourceTree = "<group>"; };
		753340ED290B24E8000087F6 /* CategoryItem.swift */ = {isa = PBXFileReference; lastKnownFileType = sourcecode.swift; path = CategoryItem.swift; sourceTree = "<group>"; };
		753340EF290B2776000087F6 /* Profile.swift */ = {isa = PBXFileReference; lastKnownFileType = sourcecode.swift; path = Profile.swift; sourceTree = "<group>"; };
		753340F2290B27B5000087F6 /* ProfileHost.swift */ = {isa = PBXFileReference; lastKnownFileType = sourcecode.swift; path = ProfileHost.swift; sourceTree = "<group>"; };
		753340F4290B27D7000087F6 /* ProfileSummary.swift */ = {isa = PBXFileReference; lastKnownFileType = sourcecode.swift; path = ProfileSummary.swift; sourceTree = "<group>"; };
		753340F6290B2873000087F6 /* HikeBadge.swift */ = {isa = PBXFileReference; lastKnownFileType = sourcecode.swift; path = HikeBadge.swift; sourceTree = "<group>"; };
		756E1C00290B2E400004C467 /* ProfileEditor.swift */ = {isa = PBXFileReference; lastKnownFileType = sourcecode.swift; path = ProfileEditor.swift; sourceTree = "<group>"; };
		75ADE190290AD621003A1456 /* LovelyDests.app */ = {isa = PBXFileReference; explicitFileType = wrapper.application; includeInIndex = 0; path = LovelyDests.app; sourceTree = BUILT_PRODUCTS_DIR; };
		75ADE193290AD621003A1456 /* LovelyDestsApp.swift */ = {isa = PBXFileReference; lastKnownFileType = sourcecode.swift; path = LovelyDestsApp.swift; sourceTree = "<group>"; };
		75ADE195290AD621003A1456 /* ContentView.swift */ = {isa = PBXFileReference; lastKnownFileType = sourcecode.swift; path = ContentView.swift; sourceTree = "<group>"; };
		75ADE197290AD623003A1456 /* Assets.xcassets */ = {isa = PBXFileReference; lastKnownFileType = folder.assetcatalog; path = Assets.xcassets; sourceTree = "<group>"; };
		75ADE19A290AD623003A1456 /* Preview Assets.xcassets */ = {isa = PBXFileReference; lastKnownFileType = folder.assetcatalog; path = "Preview Assets.xcassets"; sourceTree = "<group>"; };
		75ADE1A1290ADB03003A1456 /* CircleImage.swift */ = {isa = PBXFileReference; lastKnownFileType = sourcecode.swift; path = CircleImage.swift; sourceTree = "<group>"; };
		75ADE1A3290ADC91003A1456 /* MapView.swift */ = {isa = PBXFileReference; lastKnownFileType = sourcecode.swift; path = MapView.swift; sourceTree = "<group>"; };
		75ADE1A5290AF28A003A1456 /* landmarkData.json */ = {isa = PBXFileReference; fileEncoding = 4; lastKnownFileType = text.json; path = landmarkData.json; sourceTree = "<group>"; };
		75ADE1A7290AF2B5003A1456 /* Landmark.swift */ = {isa = PBXFileReference; lastKnownFileType = sourcecode.swift; path = Landmark.swift; sourceTree = "<group>"; };
		75ADE1A9290AF3C2003A1456 /* ModelData.swift */ = {isa = PBXFileReference; lastKnownFileType = sourcecode.swift; path = ModelData.swift; sourceTree = "<group>"; };
		75ADE1AE290B065C003A1456 /* LandmarkRow.swift */ = {isa = PBXFileReference; lastKnownFileType = sourcecode.swift; path = LandmarkRow.swift; sourceTree = "<group>"; };
		75ADE1B0290B0816003A1456 /* LandmarkList.swift */ = {isa = PBXFileReference; lastKnownFileType = sourcecode.swift; path = LandmarkList.swift; sourceTree = "<group>"; };
		75ADE1B2290B0943003A1456 /* LandmarkDetail.swift */ = {isa = PBXFileReference; lastKnownFileType = sourcecode.swift; path = LandmarkDetail.swift; sourceTree = "<group>"; };
/* End PBXFileReference section */

/* Begin PBXFrameworksBuildPhase section */
		75ADE18D290AD621003A1456 /* Frameworks */ = {
			isa = PBXFrameworksBuildPhase;
			buildActionMask = 2147483647;
			files = (
			);
			runOnlyForDeploymentPostprocessing = 0;
		};
/* End PBXFrameworksBuildPhase section */

/* Begin PBXGroup section */
		753340D9290B1BC3000087F6 /* Landmarks */ = {
			isa = PBXGroup;
			children = (
				75ADE1AE290B065C003A1456 /* LandmarkRow.swift */,
				75ADE1B0290B0816003A1456 /* LandmarkList.swift */,
				75ADE1B2290B0943003A1456 /* LandmarkDetail.swift */,
			);
			path = Landmarks;
			sourceTree = "<group>";
		};
		753340DA290B1BD5000087F6 /* Helpers */ = {
			isa = PBXGroup;
			children = (
				75ADE1A3290ADC91003A1456 /* MapView.swift */,
				75ADE1A1290ADB03003A1456 /* CircleImage.swift */,
				753340D7290B1B4E000087F6 /* FavoriteButton.swift */,
			);
			path = Helpers;
			sourceTree = "<group>";
		};
		753340E5290B2137000087F6 /* Badges */ = {
			isa = PBXGroup;
			children = (
				753340DB290B1DB5000087F6 /* HexagonParameters.swift */,
				753340DD290B1E0D000087F6 /* BadgeBackground.swift */,
				753340DF290B20AF000087F6 /* BadgeSymbol.swift */,
				753340E1290B20D2000087F6 /* RotatedBadgeSymbol.swift */,
				753340E3290B210F000087F6 /* Badge.swift */,
				753340F6290B2873000087F6 /* HikeBadge.swift */,
			);
			path = Badges;
			sourceTree = "<group>";
		};
		753340E6290B22AE000087F6 /* Categories */ = {
			isa = PBXGroup;
			children = (
				753340E8290B22C5000087F6 /* CategoryHome.swift */,
				753340EA290B2448000087F6 /* CategoryRow.swift */,
				753340ED290B24E8000087F6 /* CategoryItem.swift */,
			);
			path = Categories;
			sourceTree = "<group>";
		};
		753340F1290B27AA000087F6 /* Profiles */ = {
			isa = PBXGroup;
			children = (
				753340F2290B27B5000087F6 /* ProfileHost.swift */,
				753340F4290B27D7000087F6 /* ProfileSummary.swift */,
				756E1C00290B2E400004C467 /* ProfileEditor.swift */,
			);
			path = Profiles;
			sourceTree = "<group>";
		};
		75ADE187290AD621003A1456 = {
			isa = PBXGroup;
			children = (
				75ADE192290AD621003A1456 /* LovelyDests */,
				75ADE191290AD621003A1456 /* Products */,
			);
			sourceTree = "<group>";
		};
		75ADE191290AD621003A1456 /* Products */ = {
			isa = PBXGroup;
			children = (
				75ADE190290AD621003A1456 /* LovelyDests.app */,
			);
			name = Products;
			sourceTree = "<group>";
		};
		75ADE192290AD621003A1456 /* LovelyDests */ = {
			isa = PBXGroup;
			children = (
				75ADE1AD290B05EF003A1456 /* Resources */,
				75ADE1AB290B0574003A1456 /* Views */,
				75ADE1AC290B05C8003A1456 /* Model */,
				75ADE193290AD621003A1456 /* LovelyDestsApp.swift */,
				75ADE197290AD623003A1456 /* Assets.xcassets */,
				75ADE199290AD623003A1456 /* Preview Content */,
			);
			path = LovelyDests;
			sourceTree = "<group>";
		};
		75ADE199290AD623003A1456 /* Preview Content */ = {
			isa = PBXGroup;
			children = (
				75ADE19A290AD623003A1456 /* Preview Assets.xcassets */,
			);
			path = "Preview Content";
			sourceTree = "<group>";
		};
		75ADE1AB290B0574003A1456 /* Views */ = {
			isa = PBXGroup;
			children = (
				75ADE195290AD621003A1456 /* ContentView.swift */,
				753340F1290B27AA000087F6 /* Profiles */,
				753340E6290B22AE000087F6 /* Categories */,
				753340DA290B1BD5000087F6 /* Helpers */,
				753340D9290B1BC3000087F6 /* Landmarks */,
				753340E5290B2137000087F6 /* Badges */,
			);
			path = Views;
			sourceTree = "<group>";
		};
		75ADE1AC290B05C8003A1456 /* Model */ = {
			isa = PBXGroup;
			children = (
				75ADE1A7290AF2B5003A1456 /* Landmark.swift */,
				75ADE1A9290AF3C2003A1456 /* ModelData.swift */,
				753340EF290B2776000087F6 /* Profile.swift */,
			);
			path = Model;
			sourceTree = "<group>";
		};
		75ADE1AD290B05EF003A1456 /* Resources */ = {
			isa = PBXGroup;
			children = (
				75ADE1A5290AF28A003A1456 /* landmarkData.json */,
			);
			path = Resources;
			sourceTree = "<group>";
		};
/* End PBXGroup section */

/* Begin PBXNativeTarget section */
		75ADE18F290AD621003A1456 /* LovelyDests */ = {
			isa = PBXNativeTarget;
			buildConfigurationList = 75ADE19E290AD623003A1456 /* Build configuration list for PBXNativeTarget "LovelyDests" */;
			buildPhases = (
				75ADE18C290AD621003A1456 /* Sources */,
				75ADE18D290AD621003A1456 /* Frameworks */,
				75ADE18E290AD621003A1456 /* Resources */,
			);
			buildRules = (
			);
			dependencies = (
			);
			name = LovelyDests;
			productName = LovelyDests;
			productReference = 75ADE190290AD621003A1456 /* LovelyDests.app */;
			productType = "com.apple.product-type.application";
		};
/* End PBXNativeTarget section */

/* Begin PBXProject section */
		75ADE188290AD621003A1456 /* Project object */ = {
			isa = PBXProject;
			attributes = {
				BuildIndependentTargetsInParallel = 1;
				LastSwiftUpdateCheck = 1400;
				LastUpgradeCheck = 1400;
				TargetAttributes = {
					75ADE18F290AD621003A1456 = {
						CreatedOnToolsVersion = 14.0.1;
					};
				};
			};
			buildConfigurationList = 75ADE18B290AD621003A1456 /* Build configuration list for PBXProject "LovelyDests" */;
			compatibilityVersion = "Xcode 14.0";
			developmentRegion = en;
			hasScannedForEncodings = 0;
			knownRegions = (
				en,
				Base,
			);
			mainGroup = 75ADE187290AD621003A1456;
			productRefGroup = 75ADE191290AD621003A1456 /* Products */;
			projectDirPath = "";
			projectRoot = "";
			targets = (
				75ADE18F290AD621003A1456 /* LovelyDests */,
			);
		};
/* End PBXProject section */

/* Begin PBXResourcesBuildPhase section */
		75ADE18E290AD621003A1456 /* Resources */ = {
			isa = PBXResourcesBuildPhase;
			buildActionMask = 2147483647;
			files = (
				75ADE19B290AD623003A1456 /* Preview Assets.xcassets in Resources */,
				75ADE198290AD623003A1456 /* Assets.xcassets in Resources */,
				75ADE1A6290AF28A003A1456 /* landmarkData.json in Resources */,
			);
			runOnlyForDeploymentPostprocessing = 0;
		};
/* End PBXResourcesBuildPhase section */

/* Begin PBXSourcesBuildPhase section */
		75ADE18C290AD621003A1456 /* Sources */ = {
			isa = PBXSourcesBuildPhase;
			buildActionMask = 2147483647;
			files = (
				75ADE196290AD621003A1456 /* ContentView.swift in Sources */,
				753340E4290B210F000087F6 /* Badge.swift in Sources */,
				753340F5290B27D7000087F6 /* ProfileSummary.swift in Sources */,
				75ADE1A4290ADC91003A1456 /* MapView.swift in Sources */,
				753340F3290B27B5000087F6 /* ProfileHost.swift in Sources */,
				75ADE194290AD621003A1456 /* LovelyDestsApp.swift in Sources */,
				753340EE290B24E8000087F6 /* CategoryItem.swift in Sources */,
				753340E9290B22C5000087F6 /* CategoryHome.swift in Sources */,
				753340D8290B1B4E000087F6 /* FavoriteButton.swift in Sources */,
				753340DC290B1DB5000087F6 /* HexagonParameters.swift in Sources */,
				753340E2290B20D2000087F6 /* RotatedBadgeSymbol.swift in Sources */,
				753340EB290B2448000087F6 /* CategoryRow.swift in Sources */,
				753340F7290B2873000087F6 /* HikeBadge.swift in Sources */,
				753340E0290B20AF000087F6 /* BadgeSymbol.swift in Sources */,
				75ADE1B1290B0816003A1456 /* LandmarkList.swift in Sources */,
				75ADE1B3290B0943003A1456 /* LandmarkDetail.swift in Sources */,
				753340DE290B1E0D000087F6 /* BadgeBackground.swift in Sources */,
				75ADE1A2290ADB03003A1456 /* CircleImage.swift in Sources */,
				75ADE1A8290AF2B5003A1456 /* Landmark.swift in Sources */,
				756E1C01290B2E400004C467 /* ProfileEditor.swift in Sources */,
				753340F0290B2776000087F6 /* Profile.swift in Sources */,
				75ADE1AF290B065C003A1456 /* LandmarkRow.swift in Sources */,
				75ADE1AA290AF3C2003A1456 /* ModelData.swift in Sources */,
			);
			runOnlyForDeploymentPostprocessing = 0;
		};
/* End PBXSourcesBuildPhase section */

/* Begin XCBuildConfiguration section */
		75ADE19C290AD623003A1456 /* Debug */ = {
			isa = XCBuildConfiguration;
			buildSettings = {
				ALWAYS_SEARCH_USER_PATHS = NO;
				CLANG_ANALYZER_NONNULL = YES;
				CLANG_ANALYZER_NUMBER_OBJECT_CONVERSION = YES_AGGRESSIVE;
				CLANG_CXX_LANGUAGE_STANDARD = "gnu++20";
				CLANG_ENABLE_MODULES = YES;
				CLANG_ENABLE_OBJC_ARC = YES;
				CLANG_ENABLE_OBJC_WEAK = YES;
				CLANG_WARN_BLOCK_CAPTURE_AUTORELEASING = YES;
				CLANG_WARN_BOOL_CONVERSION = YES;
				CLANG_WARN_COMMA = YES;
				CLANG_WARN_CONSTANT_CONVERSION = YES;
				CLANG_WARN_DEPRECATED_OBJC_IMPLEMENTATIONS = YES;
				CLANG_WARN_DIRECT_OBJC_ISA_USAGE = YES_ERROR;
				CLANG_WARN_DOCUMENTATION_COMMENTS = YES;
				CLANG_WARN_EMPTY_BODY = YES;
				CLANG_WARN_ENUM_CONVERSION = YES;
				CLANG_WARN_INFINITE_RECURSION = YES;
				CLANG_WARN_INT_CONVERSION = YES;
				CLANG_WARN_NON_LITERAL_NULL_CONVERSION = YES;
				CLANG_WARN_OBJC_IMPLICIT_RETAIN_SELF = YES;
				CLANG_WARN_OBJC_LITERAL_CONVERSION = YES;
				CLANG_WARN_OBJC_ROOT_CLASS = YES_ERROR;
				CLANG_WARN_QUOTED_INCLUDE_IN_FRAMEWORK_HEADER = YES;
				CLANG_WARN_RANGE_LOOP_ANALYSIS = YES;
				CLANG_WARN_STRICT_PROTOTYPES = YES;
				CLANG_WARN_SUSPICIOUS_MOVE = YES;
				CLANG_WARN_UNGUARDED_AVAILABILITY = YES_AGGRESSIVE;
				CLANG_WARN_UNREACHABLE_CODE = YES;
				CLANG_WARN__DUPLICATE_METHOD_MATCH = YES;
				COPY_PHASE_STRIP = NO;
				DEBUG_INFORMATION_FORMAT = dwarf;
				ENABLE_STRICT_OBJC_MSGSEND = YES;
				ENABLE_TESTABILITY = YES;
				GCC_C_LANGUAGE_STANDARD = gnu11;
				GCC_DYNAMIC_NO_PIC = NO;
				GCC_NO_COMMON_BLOCKS = YES;
				GCC_OPTIMIZATION_LEVEL = 0;
				GCC_PREPROCESSOR_DEFINITIONS = (
					"DEBUG=1",
					"$(inherited)",
				);
				GCC_WARN_64_TO_32_BIT_CONVERSION = YES;
				GCC_WARN_ABOUT_RETURN_TYPE = YES_ERROR;
				GCC_WARN_UNDECLARED_SELECTOR = YES;
				GCC_WARN_UNINITIALIZED_AUTOS = YES_AGGRESSIVE;
				GCC_WARN_UNUSED_FUNCTION = YES;
				GCC_WARN_UNUSED_VARIABLE = YES;
				IPHONEOS_DEPLOYMENT_TARGET = 16.0;
				MTL_ENABLE_DEBUG_INFO = INCLUDE_SOURCE;
				MTL_FAST_MATH = YES;
				ONLY_ACTIVE_ARCH = YES;
				SDKROOT = iphoneos;
				SWIFT_ACTIVE_COMPILATION_CONDITIONS = DEBUG;
				SWIFT_OPTIMIZATION_LEVEL = "-Onone";
			};
			name = Debug;
		};
		75ADE19D290AD623003A1456 /* Release */ = {
			isa = XCBuildConfiguration;
			buildSettings = {
				ALWAYS_SEARCH_USER_PATHS = NO;
				CLANG_ANALYZER_NONNULL = YES;
				CLANG_ANALYZER_NUMBER_OBJECT_CONVERSION = YES_AGGRESSIVE;
				CLANG_CXX_LANGUAGE_STANDARD = "gnu++20";
				CLANG_ENABLE_MODULES = YES;
				CLANG_ENABLE_OBJC_ARC = YES;
				CLANG_ENABLE_OBJC_WEAK = YES;
				CLANG_WARN_BLOCK_CAPTURE_AUTORELEASING = YES;
				CLANG_WARN_BOOL_CONVERSION = YES;
				CLANG_WARN_COMMA = YES;
				CLANG_WARN_CONSTANT_CONVERSION = YES;
				CLANG_WARN_DEPRECATED_OBJC_IMPLEMENTATIONS = YES;
				CLANG_WARN_DIRECT_OBJC_ISA_USAGE = YES_ERROR;
				CLANG_WARN_DOCUMENTATION_COMMENTS = YES;
				CLANG_WARN_EMPTY_BODY = YES;
				CLANG_WARN_ENUM_CONVERSION = YES;
				CLANG_WARN_INFINITE_RECURSION = YES;
				CLANG_WARN_INT_CONVERSION = YES;
				CLANG_WARN_NON_LITERAL_NULL_CONVERSION = YES;
				CLANG_WARN_OBJC_IMPLICIT_RETAIN_SELF = YES;
				CLANG_WARN_OBJC_LITERAL_CONVERSION = YES;
				CLANG_WARN_OBJC_ROOT_CLASS = YES_ERROR;
				CLANG_WARN_QUOTED_INCLUDE_IN_FRAMEWORK_HEADER = YES;
				CLANG_WARN_RANGE_LOOP_ANALYSIS = YES;
				CLANG_WARN_STRICT_PROTOTYPES = YES;
				CLANG_WARN_SUSPICIOUS_MOVE = YES;
				CLANG_WARN_UNGUARDED_AVAILABILITY = YES_AGGRESSIVE;
				CLANG_WARN_UNREACHABLE_CODE = YES;
				CLANG_WARN__DUPLICATE_METHOD_MATCH = YES;
				COPY_PHASE_STRIP = NO;
				DEBUG_INFORMATION_FORMAT = "dwarf-with-dsym";
				ENABLE_NS_ASSERTIONS = NO;
				ENABLE_STRICT_OBJC_MSGSEND = YES;
				GCC_C_LANGUAGE_STANDARD = gnu11;
				GCC_NO_COMMON_BLOCKS = YES;
				GCC_WARN_64_TO_32_BIT_CONVERSION = YES;
				GCC_WARN_ABOUT_RETURN_TYPE = YES_ERROR;
				GCC_WARN_UNDECLARED_SELECTOR = YES;
				GCC_WARN_UNINITIALIZED_AUTOS = YES_AGGRESSIVE;
				GCC_WARN_UNUSED_FUNCTION = YES;
				GCC_WARN_UNUSED_VARIABLE = YES;
				IPHONEOS_DEPLOYMENT_TARGET = 16.0;
				MTL_ENABLE_DEBUG_INFO = NO;
				MTL_FAST_MATH = YES;
				SDKROOT = iphoneos;
				SWIFT_COMPILATION_MODE = wholemodule;
				SWIFT_OPTIMIZATION_LEVEL = "-O";
				VALIDATE_PRODUCT = YES;
			};
			name = Release;
		};
		75ADE19F290AD623003A1456 /* Debug */ = {
			isa = XCBuildConfiguration;
			buildSettings = {
				ASSETCATALOG_COMPILER_APPICON_NAME = AppIcon;
				ASSETCATALOG_COMPILER_GLOBAL_ACCENT_COLOR_NAME = AccentColor;
				CODE_SIGN_STYLE = Automatic;
				CURRENT_PROJECT_VERSION = 1;
				DEVELOPMENT_ASSET_PATHS = "\"LovelyDests/Preview Content\"";
				DEVELOPMENT_TEAM = V4SUV789T7;
				ENABLE_PREVIEWS = YES;
				GENERATE_INFOPLIST_FILE = YES;
				INFOPLIST_KEY_UIApplicationSceneManifest_Generation = YES;
				INFOPLIST_KEY_UIApplicationSupportsIndirectInputEvents = YES;
				INFOPLIST_KEY_UILaunchScreen_Generation = YES;
				INFOPLIST_KEY_UISupportedInterfaceOrientations_iPad = "UIInterfaceOrientationPortrait UIInterfaceOrientationPortraitUpsideDown UIInterfaceOrientationLandscapeLeft UIInterfaceOrientationLandscapeRight";
				INFOPLIST_KEY_UISupportedInterfaceOrientations_iPhone = "UIInterfaceOrientationPortrait UIInterfaceOrientationLandscapeLeft UIInterfaceOrientationLandscapeRight";
				LD_RUNPATH_SEARCH_PATHS = (
					"$(inherited)",
					"@executable_path/Frameworks",
				);
				MARKETING_VERSION = 1.0;
				PRODUCT_BUNDLE_IDENTIFIER = com.enfipy.LovelyDests;
				PRODUCT_NAME = "$(TARGET_NAME)";
				SWIFT_EMIT_LOC_STRINGS = YES;
				SWIFT_VERSION = 5.0;
				TARGETED_DEVICE_FAMILY = "1,2";
			};
			name = Debug;
		};
		75ADE1A0290AD623003A1456 /* Release */ = {
			isa = XCBuildConfiguration;
			buildSettings = {
				ASSETCATALOG_COMPILER_APPICON_NAME = AppIcon;
				ASSETCATALOG_COMPILER_GLOBAL_ACCENT_COLOR_NAME = AccentColor;
				CODE_SIGN_STYLE = Automatic;
				CURRENT_PROJECT_VERSION = 1;
				DEVELOPMENT_ASSET_PATHS = "\"LovelyDests/Preview Content\"";
				DEVELOPMENT_TEAM = V4SUV789T7;
				ENABLE_PREVIEWS = YES;
				GENERATE_INFOPLIST_FILE = YES;
				INFOPLIST_KEY_UIApplicationSceneManifest_Generation = YES;
				INFOPLIST_KEY_UIApplicationSupportsIndirectInputEvents = YES;
				INFOPLIST_KEY_UILaunchScreen_Generation = YES;
				INFOPLIST_KEY_UISupportedInterfaceOrientations_iPad = "UIInterfaceOrientationPortrait UIInterfaceOrientationPortraitUpsideDown UIInterfaceOrientationLandscapeLeft UIInterfaceOrientationLandscapeRight";
				INFOPLIST_KEY_UISupportedInterfaceOrientations_iPhone = "UIInterfaceOrientationPortrait UIInterfaceOrientationLandscapeLeft UIInterfaceOrientationLandscapeRight";
				LD_RUNPATH_SEARCH_PATHS = (
					"$(inherited)",
					"@executable_path/Frameworks",
				);
				MARKETING_VERSION = 1.0;
				PRODUCT_BUNDLE_IDENTIFIER = com.enfipy.LovelyDests;
				PRODUCT_NAME = "$(TARGET_NAME)";
				SWIFT_EMIT_LOC_STRINGS = YES;
				SWIFT_VERSION = 5.0;
				TARGETED_DEVICE_FAMILY = "1,2";
			};
			name = Release;
		};
/* End XCBuildConfiguration section */

/* Begin XCConfigurationList section */
		75ADE18B290AD621003A1456 /* Build configuration list for PBXProject "LovelyDests" */ = {
			isa = XCConfigurationList;
			buildConfigurations = (
				75ADE19C290AD623003A1456 /* Debug */,
				75ADE19D290AD623003A1456 /* Release */,
			);
			defaultConfigurationIsVisible = 0;
			defaultConfigurationName = Release;
		};
		75ADE19E290AD623003A1456 /* Build configuration list for PBXNativeTarget "LovelyDests" */ = {
			isa = XCConfigurationList;
			buildConfigurations = (
				75ADE19F290AD623003A1456 /* Debug */,
				75ADE1A0290AD623003A1456 /* Release */,
			);
			defaultConfigurationIsVisible = 0;
			defaultConfigurationName = Release;
		};
/* End XCConfigurationList section */
	};
	rootObject = 75ADE188290AD621003A1456 /* Project object */;
}
